
Microsoft Visual Studio Solution File, Format Version 12.00
# Visual Studio Version 17
VisualStudioVersion = 17.14.36414.22 d17.14
MinimumVisualStudioVersion = 10.0.40219.1
Project("{FAE04EC0-301F-11D3-BF4B-00C04F79EFBC}") = "Student Management Console Application", "Student Management Console Application\Student Management Console Application.csproj", "{7549EE2A-720E-4A36-8C96-4FF3D6A7C32A}"
EndProject
Global
	GlobalSection(SolutionConfigurationPlatforms) = preSolution
		Debug|Any CPU = Debug|Any CPU
		Release|Any CPU = Release|Any CPU
	EndGlobalSection
	GlobalSection(ProjectConfigurationPlatforms) = postSolution
		{7549EE2A-720E-4A36-8C96-4FF3D6A7C32A}.Debug|Any CPU.ActiveCfg = Debug|Any CPU
		{7549EE2A-720E-4A36-8C96-4FF3D6A7C32A}.Debug|Any CPU.Build.0 = Debug|Any CPU
		{7549EE2A-720E-4A36-8C96-4FF3D6A7C32A}.Release|Any CPU.ActiveCfg = Release|Any CPU
		{7549EE2A-720E-4A36-8C96-4FF3D6A7C32A}.Release|Any CPU.Build.0 = Release|Any CPU
	EndGlobalSection
	GlobalSection(SolutionProperties) = preSolution
		HideSolutionNode = FALSE
	EndGlobalSection
	GlobalSection(ExtensibilityGlobals) = postSolution
		SolutionGuid = {C101A4F1-8CCA-4395-971D-C4D59FDD9153}
	EndGlobalSection
EndGlobal
